
Microsoft Visual Studio Solution File, Format Version 12.00
# Visual Studio Version 17
VisualStudioVersion = 17.5.33516.290
MinimumVisualStudioVersion = 10.0.40219.1
Project("{F184B08F-C81C-45F6-A57F-5ABD9991F28F}") = "Test1", "Test1\Test1.vbproj", "{E1D8E283-55F7-4E4A-B001-C4D8839966DB}"
EndProject
Global
	GlobalSection(SolutionConfigurationPlatforms) = preSolution
		Debug|Any CPU = Debug|Any CPU
		Release|Any CPU = Release|Any CPU
	EndGlobalSection
	GlobalSection(ProjectConfigurationPlatforms) = postSolution
		{E1D8E283-55F7-4E4A-B001-C4D8839966DB}.Debug|Any CPU.ActiveCfg = Debug|Any CPU
		{E1D8E283-55F7-4E4A-B001-C4D8839966DB}.Debug|Any CPU.Build.0 = Debug|Any CPU
		{E1D8E283-55F7-4E4A-B001-C4D8839966DB}.Release|Any CPU.ActiveCfg = Release|Any CPU
		{E1D8E283-55F7-4E4A-B001-C4D8839966DB}.Release|Any CPU.Build.0 = Release|Any CPU
	EndGlobalSection
	GlobalSection(SolutionProperties) = preSolution
		HideSolutionNode = FALSE
	EndGlobalSection
	GlobalSection(ExtensibilityGlobals) = postSolution
		SolutionGuid = {05E83B77-A621-406A-A773-DA81D315BD0B}
	EndGlobalSection
EndGlobal
